
Microsoft Visual Studio Solution File, Format Version 12.00
# Visual Studio Version 16
VisualStudioVersion = 16.0.810.14
MinimumVisualStudioVersion = 10.0.40219.1
Project("{FAE04EC0-301F-11D3-BF4B-00C04F79EFBC}") = "Riskified.SDK", "Riskified.SDK.csproj", "{1BD71C22-04AD-4520-A331-C6B3E3BB7793}"
EndProject
Global
	GlobalSection(SolutionConfigurationPlatforms) = preSolution
		Debug|Any CPU = Debug|Any CPU
		Release|Any CPU = Release|Any CPU
	EndGlobalSection
	GlobalSection(ProjectConfigurationPlatforms) = postSolution
		{1BD71C22-04AD-4520-A331-C6B3E3BB7793}.Debug|Any CPU.ActiveCfg = Debug|Any CPU
		{1BD71C22-04AD-4520-A331-C6B3E3BB7793}.Debug|Any CPU.Build.0 = Debug|Any CPU
		{1BD71C22-04AD-4520-A331-C6B3E3BB7793}.Release|Any CPU.ActiveCfg = Release|Any CPU
		{1BD71C22-04AD-4520-A331-C6B3E3BB7793}.Release|Any CPU.Build.0 = Release|Any CPU
	EndGlobalSection
	GlobalSection(SolutionProperties) = preSolution
		HideSolutionNode = FALSE
	EndGlobalSection
	GlobalSection(ExtensibilityGlobals) = postSolution
		SolutionGuid = {4E07551F-6891-442E-B1C3-4FA097608B23}
	EndGlobalSection
EndGlobal
